
Microsoft Visual Studio Solution File, Format Version 12.00
# Visual Studio 15
VisualStudioVersion = 15.0.26430.15
MinimumVisualStudioVersion = 10.0.40219.1
Project("{FAE04EC0-301F-11D3-BF4B-00C04F79EFBC}") = "SystemSolution", "SystemSolution\SystemSolution.csproj", "{22DD0BCB-6F36-4A82-8B89-71B8F67AE97D}"
EndProject
Project("{FAE04EC0-301F-11D3-BF4B-00C04F79EFBC}") = "DataUtils", "DataUtils\DataUtils.csproj", "{37F1D0BD-690C-41A8-BC67-698A60D0DC33}"
EndProject
Project("{FAE04EC0-301F-11D3-BF4B-00C04F79EFBC}") = "DbSqlHelper", "DbSqlHelper\DbSqlHelper.csproj", "{54440707-A61C-4003-BE6E-E8CE2AF55F7C}"
EndProject
Project("{FAE04EC0-301F-11D3-BF4B-00C04F79EFBC}") = "SystemSolution.Model", "SystemSolution.Model\SystemSolution.Model.csproj", "{1422FBD5-EB84-438E-8D80-DDB66C14B094}"
EndProject
Project("{FAE04EC0-301F-11D3-BF4B-00C04F79EFBC}") = "SystemSolution.Interface", "SystemSolution.Interface\SystemSolution.Interface.csproj", "{05199FE9-424F-4E40-B341-17CD2DE85C19}"
EndProject
Project("{FAE04EC0-301F-11D3-BF4B-00C04F79EFBC}") = "SystemSolution.Common", "SystemSolution.Common\SystemSolution.Common.csproj", "{6F7BCC56-ADE5-491D-AAAF-B740C3345A68}"
EndProject
Project("{FAE04EC0-301F-11D3-BF4B-00C04F79EFBC}") = "SystemSolution.GenericCache", "SystemSolution.GenericCache\SystemSolution.GenericCache.csproj", "{0AA81E60-13FF-4942-8FC8-3B3F33788029}"
EndProject
Project("{FAE04EC0-301F-11D3-BF4B-00C04F79EFBC}") = "SystemSolution.Service.Bll", "SystemSolution.Service.Bll\SystemSolution.Service.Bll.csproj", "{3184AC0A-4A9F-4F1B-9766-851DD4B8D164}"
EndProject
Project("{FAE04EC0-301F-11D3-BF4B-00C04F79EFBC}") = "SystemSolution.SimpleFactory", "SystemSolution.SimpleFactory\SystemSolution.SimpleFactory.csproj", "{9748E9AC-8257-42BD-8751-BD6DAB5298E0}"
EndProject
Project("{FAE04EC0-301F-11D3-BF4B-00C04F79EFBC}") = "SystemSolution.Data", "SystemSolution.Data\SystemSolution.Data.csproj", "{EF6BBD29-9CE8-4D94-8438-350D61698A1E}"
EndProject
Project("{FAE04EC0-301F-11D3-BF4B-00C04F79EFBC}") = "SystemSolution.Common.Attributes", "SystemSolution.Common.Attributes\SystemSolution.Common.Attributes.csproj", "{E344A95E-A871-4434-9E9F-49095DA171CD}"
EndProject
Global
	GlobalSection(SolutionConfigurationPlatforms) = preSolution
		Debug|Any CPU = Debug|Any CPU
		Release|Any CPU = Release|Any CPU
	EndGlobalSection
	GlobalSection(ProjectConfigurationPlatforms) = postSolution
		{22DD0BCB-6F36-4A82-8B89-71B8F67AE97D}.Debug|Any CPU.ActiveCfg = Debug|Any CPU
		{22DD0BCB-6F36-4A82-8B89-71B8F67AE97D}.Debug|Any CPU.Build.0 = Debug|Any CPU
		{22DD0BCB-6F36-4A82-8B89-71B8F67AE97D}.Release|Any CPU.ActiveCfg = Release|Any CPU
		{22DD0BCB-6F36-4A82-8B89-71B8F67AE97D}.Release|Any CPU.Build.0 = Release|Any CPU
		{37F1D0BD-690C-41A8-BC67-698A60D0DC33}.Debug|Any CPU.ActiveCfg = Debug|Any CPU
		{37F1D0BD-690C-41A8-BC67-698A60D0DC33}.Debug|Any CPU.Build.0 = Debug|Any CPU
		{37F1D0BD-690C-41A8-BC67-698A60D0DC33}.Release|Any CPU.ActiveCfg = Release|Any CPU
		{37F1D0BD-690C-41A8-BC67-698A60D0DC33}.Release|Any CPU.Build.0 = Release|Any CPU
		{54440707-A61C-4003-BE6E-E8CE2AF55F7C}.Debug|Any CPU.ActiveCfg = Debug|Any CPU
		{54440707-A61C-4003-BE6E-E8CE2AF55F7C}.Debug|Any CPU.Build.0 = Debug|Any CPU
		{54440707-A61C-4003-BE6E-E8CE2AF55F7C}.Release|Any CPU.ActiveCfg = Release|Any CPU
		{54440707-A61C-4003-BE6E-E8CE2AF55F7C}.Release|Any CPU.Build.0 = Release|Any CPU
		{1422FBD5-EB84-438E-8D80-DDB66C14B094}.Debug|Any CPU.ActiveCfg = Debug|Any CPU
		{1422FBD5-EB84-438E-8D80-DDB66C14B094}.Debug|Any CPU.Build.0 = Debug|Any CPU
		{1422FBD5-EB84-438E-8D80-DDB66C14B094}.Release|Any CPU.ActiveCfg = Release|Any CPU
		{1422FBD5-EB84-438E-8D80-DDB66C14B094}.Release|Any CPU.Build.0 = Release|Any CPU
		{05199FE9-424F-4E40-B341-17CD2DE85C19}.Debug|Any CPU.ActiveCfg = Debug|Any CPU
		{05199FE9-424F-4E40-B341-17CD2DE85C19}.Debug|Any CPU.Build.0 = Debug|Any CPU
		{05199FE9-424F-4E40-B341-17CD2DE85C19}.Release|Any CPU.ActiveCfg = Release|Any CPU
		{05199FE9-424F-4E40-B341-17CD2DE85C19}.Release|Any CPU.Build.0 = Release|Any CPU
		{6F7BCC56-ADE5-491D-AAAF-B740C3345A68}.Debug|Any CPU.ActiveCfg = Debug|Any CPU
		{6F7BCC56-ADE5-491D-AAAF-B740C3345A68}.Debug|Any CPU.Build.0 = Debug|Any CPU
		{6F7BCC56-ADE5-491D-AAAF-B740C3345A68}.Release|Any CPU.ActiveCfg = Release|Any CPU
		{6F7BCC56-ADE5-491D-AAAF-B740C3345A68}.Release|Any CPU.Build.0 = Release|Any CPU
		{0AA81E60-13FF-4942-8FC8-3B3F33788029}.Debug|Any CPU.ActiveCfg = Debug|Any CPU
		{0AA81E60-13FF-4942-8FC8-3B3F33788029}.Debug|Any CPU.Build.0 = Debug|Any CPU
		{0AA81E60-13FF-4942-8FC8-3B3F33788029}.Release|Any CPU.ActiveCfg = Release|Any CPU
		{0AA81E60-13FF-4942-8FC8-3B3F33788029}.Release|Any CPU.Build.0 = Release|Any CPU
		{3184AC0A-4A9F-4F1B-9766-851DD4B8D164}.Debug|Any CPU.ActiveCfg = Debug|Any CPU
		{3184AC0A-4A9F-4F1B-9766-851DD4B8D164}.Debug|Any CPU.Build.0 = Debug|Any CPU
		{3184AC0A-4A9F-4F1B-9766-851DD4B8D164}.Release|Any CPU.ActiveCfg = Release|Any CPU
		{3184AC0A-4A9F-4F1B-9766-851DD4B8D164}.Release|Any CPU.Build.0 = Release|Any CPU
		{9748E9AC-8257-42BD-8751-BD6DAB5298E0}.Debug|Any CPU.ActiveCfg = Debug|Any CPU
		{9748E9AC-8257-42BD-8751-BD6DAB5298E0}.Debug|Any CPU.Build.0 = Debug|Any CPU
		{9748E9AC-8257-42BD-8751-BD6DAB5298E0}.Release|Any CPU.ActiveCfg = Release|Any CPU
		{9748E9AC-8257-42BD-8751-BD6DAB5298E0}.Release|Any CPU.Build.0 = Release|Any CPU
		{EF6BBD29-9CE8-4D94-8438-350D61698A1E}.Debug|Any CPU.ActiveCfg = Debug|Any CPU
		{EF6BBD29-9CE8-4D94-8438-350D61698A1E}.Debug|Any CPU.Build.0 = Debug|Any CPU
		{EF6BBD29-9CE8-4D94-8438-350D61698A1E}.Release|Any CPU.ActiveCfg = Release|Any CPU
		{EF6BBD29-9CE8-4D94-8438-350D61698A1E}.Release|Any CPU.Build.0 = Release|Any CPU
		{E344A95E-A871-4434-9E9F-49095DA171CD}.Debug|Any CPU.ActiveCfg = Debug|Any CPU
		{E344A95E-A871-4434-9E9F-49095DA171CD}.Debug|Any CPU.Build.0 = Debug|Any CPU
		{E344A95E-A871-4434-9E9F-49095DA171CD}.Release|Any CPU.ActiveCfg = Release|Any CPU
		{E344A95E-A871-4434-9E9F-49095DA171CD}.Release|Any CPU.Build.0 = Release|Any CPU
	EndGlobalSection
	GlobalSection(SolutionProperties) = preSolution
		HideSolutionNode = FALSE
	EndGlobalSection
EndGlobal
